
Microsoft Visual Studio Solution File, Format Version 12.00
# Visual Studio Version 17
VisualStudioVersion = 17.5.002.0
MinimumVisualStudioVersion = 10.0.40219.1
Project("{9A19103F-16F7-4668-BE54-9A1E7A4F7556}") = "BookMicroservice", "BookMicroservice.csproj", "{7369DA44-7A7C-400D-A2C6-B11155ED9C50}"
EndProject
Global
	GlobalSection(SolutionConfigurationPlatforms) = preSolution
		Debug|Any CPU = Debug|Any CPU
		Release|Any CPU = Release|Any CPU
	EndGlobalSection
	GlobalSection(ProjectConfigurationPlatforms) = postSolution
		{7369DA44-7A7C-400D-A2C6-B11155ED9C50}.Debug|Any CPU.ActiveCfg = Debug|Any CPU
		{7369DA44-7A7C-400D-A2C6-B11155ED9C50}.Debug|Any CPU.Build.0 = Debug|Any CPU
		{7369DA44-7A7C-400D-A2C6-B11155ED9C50}.Release|Any CPU.ActiveCfg = Release|Any CPU
		{7369DA44-7A7C-400D-A2C6-B11155ED9C50}.Release|Any CPU.Build.0 = Release|Any CPU
	EndGlobalSection
	GlobalSection(SolutionProperties) = preSolution
		HideSolutionNode = FALSE
	EndGlobalSection
	GlobalSection(ExtensibilityGlobals) = postSolution
		SolutionGuid = {5181612B-09F2-49EB-B7D0-D661FB8DD266}
	EndGlobalSection
EndGlobal
